
Microsoft Visual Studio Solution File, Format Version 12.00
# Visual Studio 15
VisualStudioVersion = 15.0.28010.2016
MinimumVisualStudioVersion = 10.0.40219.1
Project("{FAE04EC0-301F-11D3-BF4B-00C04F79EFBC}") = "Lagersystem", "Lagersystem\Lagersystem.csproj", "{6FB2D569-36C9-49FC-90A9-87C6067687BA}"
EndProject
Project("{FAE04EC0-301F-11D3-BF4B-00C04F79EFBC}") = "DatabaseConnection", "DatabaseConnection\DatabaseConnection.csproj", "{16A18DDE-B642-4B81-90C7-2F99B2FB8A40}"
EndProject
Project("{FAE04EC0-301F-11D3-BF4B-00C04F79EFBC}") = "ProductLibrary", "ProductLibrary\ProductLibrary.csproj", "{0BD8FF75-57F0-4DF2-82CD-63C8F64818CF}"
EndProject
Global
	GlobalSection(SolutionConfigurationPlatforms) = preSolution
		Debug|Any CPU = Debug|Any CPU
		Release|Any CPU = Release|Any CPU
	EndGlobalSection
	GlobalSection(ProjectConfigurationPlatforms) = postSolution
		{6FB2D569-36C9-49FC-90A9-87C6067687BA}.Debug|Any CPU.ActiveCfg = Debug|Any CPU
		{6FB2D569-36C9-49FC-90A9-87C6067687BA}.Debug|Any CPU.Build.0 = Debug|Any CPU
		{6FB2D569-36C9-49FC-90A9-87C6067687BA}.Release|Any CPU.ActiveCfg = Release|Any CPU
		{6FB2D569-36C9-49FC-90A9-87C6067687BA}.Release|Any CPU.Build.0 = Release|Any CPU
		{16A18DDE-B642-4B81-90C7-2F99B2FB8A40}.Debug|Any CPU.ActiveCfg = Debug|Any CPU
		{16A18DDE-B642-4B81-90C7-2F99B2FB8A40}.Debug|Any CPU.Build.0 = Debug|Any CPU
		{16A18DDE-B642-4B81-90C7-2F99B2FB8A40}.Release|Any CPU.ActiveCfg = Release|Any CPU
		{16A18DDE-B642-4B81-90C7-2F99B2FB8A40}.Release|Any CPU.Build.0 = Release|Any CPU
		{0BD8FF75-57F0-4DF2-82CD-63C8F64818CF}.Debug|Any CPU.ActiveCfg = Debug|Any CPU
		{0BD8FF75-57F0-4DF2-82CD-63C8F64818CF}.Debug|Any CPU.Build.0 = Debug|Any CPU
		{0BD8FF75-57F0-4DF2-82CD-63C8F64818CF}.Release|Any CPU.ActiveCfg = Release|Any CPU
		{0BD8FF75-57F0-4DF2-82CD-63C8F64818CF}.Release|Any CPU.Build.0 = Release|Any CPU
	EndGlobalSection
	GlobalSection(SolutionProperties) = preSolution
		HideSolutionNode = FALSE
	EndGlobalSection
	GlobalSection(ExtensibilityGlobals) = postSolution
		SolutionGuid = {CDA3E5FE-DB51-40A7-9900-ACB502A26411}
	EndGlobalSection
EndGlobal
